
Microsoft Visual Studio Solution File, Format Version 12.00
# Visual Studio Version 18
VisualStudioVersion = 18.0.11205.157 d18.0
MinimumVisualStudioVersion = 10.0.40219.1
Project("{FAE04EC0-301F-11D3-BF4B-00C04F79EFBC}") = "Logging", "Logging.csproj", "{207AE5CB-AA6C-A726-A7CA-E1BF1B6AE2B1}"
EndProject
Global
	GlobalSection(SolutionConfigurationPlatforms) = preSolution
		Debug|Any CPU = Debug|Any CPU
		Release|Any CPU = Release|Any CPU
	EndGlobalSection
	GlobalSection(ProjectConfigurationPlatforms) = postSolution
		{207AE5CB-AA6C-A726-A7CA-E1BF1B6AE2B1}.Debug|Any CPU.ActiveCfg = Debug|Any CPU
		{207AE5CB-AA6C-A726-A7CA-E1BF1B6AE2B1}.Debug|Any CPU.Build.0 = Debug|Any CPU
		{207AE5CB-AA6C-A726-A7CA-E1BF1B6AE2B1}.Release|Any CPU.ActiveCfg = Release|Any CPU
		{207AE5CB-AA6C-A726-A7CA-E1BF1B6AE2B1}.Release|Any CPU.Build.0 = Release|Any CPU
	EndGlobalSection
	GlobalSection(SolutionProperties) = preSolution
		HideSolutionNode = FALSE
	EndGlobalSection
	GlobalSection(ExtensibilityGlobals) = postSolution
		SolutionGuid = {21A67D62-B1C8-47ED-8043-1C7234CB4057}
	EndGlobalSection
EndGlobal
